Microsoft Visual Studio Solution File, Format Version 12.00
# Visual Studio Version 17
VisualStudioVersion = 17.13.35825.156
MinimumVisualStudioVersion = 10.0.40219.1
Project("{FAE04EC0-301F-11D3-BF4B-00C04F79EFBC}") = "ConsoleApp110425_2", "ConsoleApp110425_2.csproj", "{F22FA004-406D-4FE1-B1C2-D087353F1112}"
EndProject
Global
	GlobalSection(SolutionConfigurationPlatforms) = preSolution
		Debug|Any CPU = Debug|Any CPU
		Release|Any CPU = Release|Any CPU
	EndGlobalSection
	GlobalSection(ProjectConfigurationPlatforms) = postSolution
		{F22FA004-406D-4FE1-B1C2-D087353F1112}.Debug|Any CPU.ActiveCfg = Debug|Any CPU
		{F22FA004-406D-4FE1-B1C2-D087353F1112}.Debug|Any CPU.Build.0 = Debug|Any CPU
		{F22FA004-406D-4FE1-B1C2-D087353F1112}.Release|Any CPU.ActiveCfg = Release|Any CPU
		{F22FA004-406D-4FE1-B1C2-D087353F1112}.Release|Any CPU.Build.0 = Release|Any CPU
	EndGlobalSection
	GlobalSection(SolutionProperties) = preSolution
		HideSolutionNode = FALSE
	EndGlobalSection
	GlobalSection(ExtensibilityGlobals) = postSolution
		SolutionGuid = {6B33EEED-83AF-43B3-9588-17E2A8D47E85}
	EndGlobalSection
EndGlobal
